
Microsoft Visual Studio Solution File, Format Version 12.00
# Visual Studio Version 17
VisualStudioVersion = 17.5.33414.496
MinimumVisualStudioVersion = 10.0.40219.1
Project("{FAE04EC0-301F-11D3-BF4B-00C04F79EFBC}") = "ProgressTable", "ProgressTable.csproj", "{E146AD12-FF71-4F31-92A3-D00615744877}"
EndProject
Global
	GlobalSection(SolutionConfigurationPlatforms) = preSolution
		Debug|Any CPU = Debug|Any CPU
		Release|Any CPU = Release|Any CPU
	EndGlobalSection
	GlobalSection(ProjectConfigurationPlatforms) = postSolution
		{E146AD12-FF71-4F31-92A3-D00615744877}.Debug|Any CPU.ActiveCfg = Debug|Any CPU
		{E146AD12-FF71-4F31-92A3-D00615744877}.Debug|Any CPU.Build.0 = Debug|Any CPU
		{E146AD12-FF71-4F31-92A3-D00615744877}.Release|Any CPU.ActiveCfg = Release|Any CPU
		{E146AD12-FF71-4F31-92A3-D00615744877}.Release|Any CPU.Build.0 = Release|Any CPU
	EndGlobalSection
	GlobalSection(SolutionProperties) = preSolution
		HideSolutionNode = FALSE
	EndGlobalSection
	GlobalSection(ExtensibilityGlobals) = postSolution
		SolutionGuid = {910D290C-E826-4627-BDC7-FF62DF5C7E8C}
	EndGlobalSection
EndGlobal
